
Microsoft Visual Studio Solution File, Format Version 12.00
# Visual Studio Version 17
VisualStudioVersion = 17.3.32901.215
MinimumVisualStudioVersion = 10.0.40219.1
Project("{FAE04EC0-301F-11D3-BF4B-00C04F79EFBC}") = "cs-excel-testdatahelper", "cs-excel-testdatahelper\cs-excel-testdatahelper.csproj", "{78BE2838-028F-412D-9A68-C0E40B19480C}"
EndProject
Global
	GlobalSection(SolutionConfigurationPlatforms) = preSolution
		Debug|Any CPU = Debug|Any CPU
		Release|Any CPU = Release|Any CPU
	EndGlobalSection
	GlobalSection(ProjectConfigurationPlatforms) = postSolution
		{78BE2838-028F-412D-9A68-C0E40B19480C}.Debug|Any CPU.ActiveCfg = Debug|Any CPU
		{78BE2838-028F-412D-9A68-C0E40B19480C}.Debug|Any CPU.Build.0 = Debug|Any CPU
		{78BE2838-028F-412D-9A68-C0E40B19480C}.Release|Any CPU.ActiveCfg = Release|Any CPU
		{78BE2838-028F-412D-9A68-C0E40B19480C}.Release|Any CPU.Build.0 = Release|Any CPU
	EndGlobalSection
	GlobalSection(SolutionProperties) = preSolution
		HideSolutionNode = FALSE
	EndGlobalSection
	GlobalSection(ExtensibilityGlobals) = postSolution
		SolutionGuid = {C2B7D43D-48FA-4FDC-BF0C-C13C326948B1}
	EndGlobalSection
EndGlobal
